
Microsoft Visual Studio Solution File, Format Version 12.00
# Visual Studio Version 17
VisualStudioVersion = 17.5.002.0
MinimumVisualStudioVersion = 10.0.40219.1
Project("{9A19103F-16F7-4668-BE54-9A1E7A4F7556}") = "EternalReturnOverlay", "EternalReturnOverlay.csproj", "{7194D9D0-E106-4258-A67B-C88096D88715}"
EndProject
Global
	GlobalSection(SolutionConfigurationPlatforms) = preSolution
		Debug|Any CPU = Debug|Any CPU
		Release|Any CPU = Release|Any CPU
	EndGlobalSection
	GlobalSection(ProjectConfigurationPlatforms) = postSolution
		{7194D9D0-E106-4258-A67B-C88096D88715}.Debug|Any CPU.ActiveCfg = Debug|Any CPU
		{7194D9D0-E106-4258-A67B-C88096D88715}.Debug|Any CPU.Build.0 = Debug|Any CPU
		{7194D9D0-E106-4258-A67B-C88096D88715}.Release|Any CPU.ActiveCfg = Release|Any CPU
		{7194D9D0-E106-4258-A67B-C88096D88715}.Release|Any CPU.Build.0 = Release|Any CPU
	EndGlobalSection
	GlobalSection(SolutionProperties) = preSolution
		HideSolutionNode = FALSE
	EndGlobalSection
	GlobalSection(ExtensibilityGlobals) = postSolution
		SolutionGuid = {A124E17C-17A6-4AFE-8327-72AE2EFDA19B}
	EndGlobalSection
EndGlobal
